
Microsoft Visual Studio Solution File, Format Version 12.00
# Visual Studio Version 17
VisualStudioVersion = 17.4.33213.308
MinimumVisualStudioVersion = 10.0.40219.1
Project("{FAE04EC0-301F-11D3-BF4B-00C04F79EFBC}") = "Layout", "Layout\Layout.csproj", "{7A4E87CA-7BE9-4658-BB89-4F799717B646}"
EndProject
Global
	GlobalSection(SolutionConfigurationPlatforms) = preSolution
		Debug|Any CPU = Debug|Any CPU
		Release|Any CPU = Release|Any CPU
	EndGlobalSection
	GlobalSection(ProjectConfigurationPlatforms) = postSolution
		{7A4E87CA-7BE9-4658-BB89-4F799717B646}.Debug|Any CPU.ActiveCfg = Debug|Any CPU
		{7A4E87CA-7BE9-4658-BB89-4F799717B646}.Debug|Any CPU.Build.0 = Debug|Any CPU
		{7A4E87CA-7BE9-4658-BB89-4F799717B646}.Release|Any CPU.ActiveCfg = Release|Any CPU
		{7A4E87CA-7BE9-4658-BB89-4F799717B646}.Release|Any CPU.Build.0 = Release|Any CPU
	EndGlobalSection
	GlobalSection(SolutionProperties) = preSolution
		HideSolutionNode = FALSE
	EndGlobalSection
	GlobalSection(ExtensibilityGlobals) = postSolution
		SolutionGuid = {D9B69BCA-44B4-493F-AC01-8A5D62F3658C}
	EndGlobalSection
EndGlobal
